
Microsoft Visual Studio Solution File, Format Version 12.00
# Visual Studio Version 17
VisualStudioVersion = 17.8.34309.116
MinimumVisualStudioVersion = 10.0.40219.1
Project("{FAE04EC0-301F-11D3-BF4B-00C04F79EFBC}") = "suma", "suma.csproj", "{74F6C6B8-9BEE-4177-9113-8D4D3AD2D593}"
EndProject
Global
	GlobalSection(SolutionConfigurationPlatforms) = preSolution
		Debug|Any CPU = Debug|Any CPU
		Release|Any CPU = Release|Any CPU
	EndGlobalSection
	GlobalSection(ProjectConfigurationPlatforms) = postSolution
		{74F6C6B8-9BEE-4177-9113-8D4D3AD2D593}.Debug|Any CPU.ActiveCfg = Debug|Any CPU
		{74F6C6B8-9BEE-4177-9113-8D4D3AD2D593}.Debug|Any CPU.Build.0 = Debug|Any CPU
		{74F6C6B8-9BEE-4177-9113-8D4D3AD2D593}.Release|Any CPU.ActiveCfg = Release|Any CPU
		{74F6C6B8-9BEE-4177-9113-8D4D3AD2D593}.Release|Any CPU.Build.0 = Release|Any CPU
	EndGlobalSection
	GlobalSection(SolutionProperties) = preSolution
		HideSolutionNode = FALSE
	EndGlobalSection
	GlobalSection(ExtensibilityGlobals) = postSolution
		SolutionGuid = {5031C776-5F47-45F7-A815-03369EA67854}
	EndGlobalSection
EndGlobal
